# This file was autogenerated by Stack.
# You should not edit this file by hand.
# For more information, please see the documentation at:
#   https://docs.haskellstack.org/en/stable/lock_files

snapshots:
- original:
    url: https://raw.githubusercontent.com/commercialhaskell/stackage-snapshots/master/lts/18/12.yaml
  completed:
    sha256: 80fc6391195ff00c36f2a605ecbb07de909bfaa2eaa9722a27e486a6ecf8ecb0
    url: https://raw.githubusercontent.com/commercialhaskell/stackage-snapshots/master/lts/18/12.yaml
    size: 586041
packages:
- original:
    hackage: beam-core-0.9.1.0
  completed:
    pantry-tree:
      sha256: 7137d411ff870f233e682f9889e77e509bb3d3090e7e68e33878fbb34b0b1f8b
      size: 2704
    hackage: beam-core-0.9.1.0@sha256:70659e3046bfecda49b1b921bf088899bad859ea649552c78d464e634740b107,5282
- original:
    hackage: beam-mysql-0.2.0.0
  completed:
    pantry-tree:
      sha256: ed62694a4bf6afc18ab12dd7227d3aa64a575f387efe3b35fe95b1f3ce71a940
      size: 389
    hackage: beam-mysql-0.2.0.0@sha256:6c64358de5094463a70e8c71dbc99a38ae937d04a44cee9858e8a0779bb7b8dd,2282
