# This file was autogenerated by Stack.
# You should not edit this file by hand.
# For more information, please see the documentation at:
#   https://docs.haskellstack.org/en/stable/lock_files

packages:
- completed:
    size: 1220267
    subdir: beam-core
    url: https://github.com/haskell-beam/beam/archive/8b972f9cfe87521419032c5ffd5cf79bc6404011.tar.gz
    name: beam-core
    version: 0.9.1.0
    sha256: f2923fd3a1c0487db6507cca28da9ea10aa27df751d39a787bbffbf9ae80e3d6
    pantry-tree:
      size: 2705
      sha256: 4f7079f667cb003183c10eb425ca4f10767812f8da25e60eaf2b82326403d970
  original:
    subdir: beam-core
    url: https://github.com/haskell-beam/beam/archive/8b972f9cfe87521419032c5ffd5cf79bc6404011.tar.gz
- completed:
    size: 1220267
    subdir: beam-sqlite
    url: https://github.com/haskell-beam/beam/archive/8b972f9cfe87521419032c5ffd5cf79bc6404011.tar.gz
    name: beam-sqlite
    version: 0.5.1.0
    sha256: f2923fd3a1c0487db6507cca28da9ea10aa27df751d39a787bbffbf9ae80e3d6
    pantry-tree:
      size: 1147
      sha256: bb8febba25342a972b95eb46622e891e8dec1a82f76070ce676c081ae012df67
  original:
    subdir: beam-sqlite
    url: https://github.com/haskell-beam/beam/archive/8b972f9cfe87521419032c5ffd5cf79bc6404011.tar.gz
- completed:
    size: 1220267
    subdir: beam-migrate
    url: https://github.com/haskell-beam/beam/archive/8b972f9cfe87521419032c5ffd5cf79bc6404011.tar.gz
    name: beam-migrate
    version: 0.5.1.0
    sha256: f2923fd3a1c0487db6507cca28da9ea10aa27df751d39a787bbffbf9ae80e3d6
    pantry-tree:
      size: 1826
      sha256: 315b2a0c16b7d0d7a519261de8587efa36f1d88968e0c1e4a432687851a26931
  original:
    subdir: beam-migrate
    url: https://github.com/haskell-beam/beam/archive/8b972f9cfe87521419032c5ffd5cf79bc6404011.tar.gz
snapshots:
- completed:
    size: 587546
    url: https://raw.githubusercontent.com/commercialhaskell/stackage-snapshots/master/lts/18/10.yaml
    sha256: 88b4f81e162ba3adc230a9fcccc4d19ac116377656bab56c7382ca88598b257a
  original:
    url: https://raw.githubusercontent.com/commercialhaskell/stackage-snapshots/master/lts/18/10.yaml
